// !$*UTF8*$!
{
	archiveVersion = 1;
	classes = {
	};
	objectVersion = 56;
	objects = {

/* Begin PBXBuildFile section */
		15C469672C5FABA00005836C /* notion_calendar_widgetApp.swift in Sources */ = {isa = PBXBuildFile; fileRef = 15C469662C5FABA00005836C /* notion_calendar_widgetApp.swift */; };
		15C469692C5FABA00005836C /* ContentView.swift in Sources */ = {isa = PBXBuildFile; fileRef = 15C469682C5FABA00005836C /* ContentView.swift */; };
		15C4696B2C5FABA10005836C /* Assets.xcassets in Resources */ = {isa = PBXBuildFile; fileRef = 15C4696A2C5FABA10005836C /* Assets.xcassets */; };
		15C4696E2C5FABA10005836C /* Preview Assets.xcassets in Resources */ = {isa = PBXBuildFile; fileRef = 15C4696D2C5FABA10005836C /* Preview Assets.xcassets */; };
		15C4697C2C5FAC070005836C /* WidgetKit.framework in Frameworks */ = {isa = PBXBuildFile; fileRef = 15C4697B2C5FAC070005836C /* WidgetKit.framework */; };
		15C4697E2C5FAC070005836C /* SwiftUI.framework in Frameworks */ = {isa = PBXBuildFile; fileRef = 15C4697D2C5FAC070005836C /* SwiftUI.framework */; };
		15C469812C5FAC070005836C /* calendar_widgetBundle.swift in Sources */ = {isa = PBXBuildFile; fileRef = 15C469802C5FAC070005836C /* calendar_widgetBundle.swift */; };
		15C469832C5FAC070005836C /* calendar_widget.swift in Sources */ = {isa = PBXBuildFile; fileRef = 15C469822C5FAC070005836C /* calendar_widget.swift */; };
		15C469852C5FAC080005836C /* Assets.xcassets in Resources */ = {isa = PBXBuildFile; fileRef = 15C469842C5FAC080005836C /* Assets.xcassets */; };
		15C4698A2C5FAC080005836C /* calendar-widgetExtension.appex in Embed Foundation Extensions */ = {isa = PBXBuildFile; fileRef = 15C469792C5FAC070005836C /* calendar-widgetExtension.appex */; settings = {ATTRIBUTES = (RemoveHeadersOnCopy, ); }; };
/* End PBXBuildFile section */

/* Begin PBXContainerItemProxy section */
		15C469882C5FAC080005836C /* PBXContainerItemProxy */ = {
			isa = PBXContainerItemProxy;
			containerPortal = 15C4695B2C5FABA00005836C /* Project object */;
			proxyType = 1;
			remoteGlobalIDString = 15C469782C5FAC070005836C;
			remoteInfo = "calendar-widgetExtension";
		};
/* End PBXContainerItemProxy section */

/* Begin PBXCopyFilesBuildPhase section */
		15C4698E2C5FAC080005836C /* Embed Foundation Extensions */ = {
			isa = PBXCopyFilesBuildPhase;
			buildActionMask = 2147483647;
			dstPath = "";
			dstSubfolderSpec = 13;
			files = (
				15C4698A2C5FAC080005836C /* calendar-widgetExtension.appex in Embed Foundation Extensions */,
			);
			name = "Embed Foundation Extensions";
			runOnlyForDeploymentPostprocessing = 0;
		};
/* End PBXCopyFilesBuildPhase section */

/* Begin PBXFileReference section */
		15C469632C5FABA00005836C /* notion-calendar-widget.app */ = {isa = PBXFileReference; explicitFileType = wrapper.application; includeInIndex = 0; path = "notion-calendar-widget.app"; sourceTree = BUILT_PRODUCTS_DIR; };
		15C469662C5FABA00005836C /* notion_calendar_widgetApp.swift */ = {isa = PBXFileReference; lastKnownFileType = sourcecode.swift; path = notion_calendar_widgetApp.swift; sourceTree = "<group>"; };
		15C469682C5FABA00005836C /* ContentView.swift */ = {isa = PBXFileReference; lastKnownFileType = sourcecode.swift; path = ContentView.swift; sourceTree = "<group>"; };
		15C4696A2C5FABA10005836C /* Assets.xcassets */ = {isa = PBXFileReference; lastKnownFileType = folder.assetcatalog; path = Assets.xcassets; sourceTree = "<group>"; };
		15C4696D2C5FABA10005836C /* Preview Assets.xcassets */ = {isa = PBXFileReference; lastKnownFileType = folder.assetcatalog; path = "Preview Assets.xcassets"; sourceTree = "<group>"; };
		15C4696F2C5FABA10005836C /* notion_calendar_widget.entitlements */ = {isa = PBXFileReference; lastKnownFileType = text.plist.entitlements; path = notion_calendar_widget.entitlements; sourceTree = "<group>"; };
		15C469792C5FAC070005836C /* calendar-widgetExtension.appex */ = {isa = PBXFileReference; explicitFileType = "wrapper.app-extension"; includeInIndex = 0; path = "calendar-widgetExtension.appex"; sourceTree = BUILT_PRODUCTS_DIR; };
		15C4697B2C5FAC070005836C /* WidgetKit.framework */ = {isa = PBXFileReference; lastKnownFileType = wrapper.framework; name = WidgetKit.framework; path = System/Library/Frameworks/WidgetKit.framework; sourceTree = SDKROOT; };
		15C4697D2C5FAC070005836C /* SwiftUI.framework */ = {isa = PBXFileReference; lastKnownFileType = wrapper.framework; name = SwiftUI.framework; path = System/Library/Frameworks/SwiftUI.framework; sourceTree = SDKROOT; };
		15C469802C5FAC070005836C /* calendar_widgetBundle.swift */ = {isa = PBXFileReference; lastKnownFileType = sourcecode.swift; path = calendar_widgetBundle.swift; sourceTree = "<group>"; };
		15C469822C5FAC070005836C /* calendar_widget.swift */ = {isa = PBXFileReference; lastKnownFileType = sourcecode.swift; path = calendar_widget.swift; sourceTree = "<group>"; };
		15C469842C5FAC080005836C /* Assets.xcassets */ = {isa = PBXFileReference; lastKnownFileType = folder.assetcatalog; path = Assets.xcassets; sourceTree = "<group>"; };
		15C469862C5FAC080005836C /* Info.plist */ = {isa = PBXFileReference; lastKnownFileType = text.plist.xml; path = Info.plist; sourceTree = "<group>"; };
		15C469872C5FAC080005836C /* calendar_widget.entitlements */ = {isa = PBXFileReference; lastKnownFileType = text.plist.entitlements; path = calendar_widget.entitlements; sourceTree = "<group>"; };
/* End PBXFileReference section */

/* Begin PBXFrameworksBuildPhase section */
		15C469602C5FABA00005836C /* Frameworks */ = {
			isa = PBXFrameworksBuildPhase;
			buildActionMask = 2147483647;
			files = (
			);
			runOnlyForDeploymentPostprocessing = 0;
		};
		15C469762C5FAC070005836C /* Frameworks */ = {
			isa = PBXFrameworksBuildPhase;
			buildActionMask = 2147483647;
			files = (
				15C4697E2C5FAC070005836C /* SwiftUI.framework in Frameworks */,
				15C4697C2C5FAC070005836C /* WidgetKit.framework in Frameworks */,
			);
			runOnlyForDeploymentPostprocessing = 0;
		};
/* End PBXFrameworksBuildPhase section */

/* Begin PBXGroup section */
		15C4695A2C5FABA00005836C = {
			isa = PBXGroup;
			children = (
				15C469652C5FABA00005836C /* notion-calendar-widget */,
				15C4697F2C5FAC070005836C /* calendar-widget */,
				15C4697A2C5FAC070005836C /* Frameworks */,
				15C469642C5FABA00005836C /* Products */,
			);
			sourceTree = "<group>";
		};
		15C469642C5FABA00005836C /* Products */ = {
			isa = PBXGroup;
			children = (
				15C469632C5FABA00005836C /* notion-calendar-widget.app */,
				15C469792C5FAC070005836C /* calendar-widgetExtension.appex */,
			);
			name = Products;
			sourceTree = "<group>";
		};
		15C469652C5FABA00005836C /* notion-calendar-widget */ = {
			isa = PBXGroup;
			children = (
				15C469662C5FABA00005836C /* notion_calendar_widgetApp.swift */,
				15C469682C5FABA00005836C /* ContentView.swift */,
				15C4696A2C5FABA10005836C /* Assets.xcassets */,
				15C4696F2C5FABA10005836C /* notion_calendar_widget.entitlements */,
				15C4696C2C5FABA10005836C /* Preview Content */,
			);
			path = "notion-calendar-widget";
			sourceTree = "<group>";
		};
		15C4696C2C5FABA10005836C /* Preview Content */ = {
			isa = PBXGroup;
			children = (
				15C4696D2C5FABA10005836C /* Preview Assets.xcassets */,
			);
			path = "Preview Content";
			sourceTree = "<group>";
		};
		15C4697A2C5FAC070005836C /* Frameworks */ = {
			isa = PBXGroup;
			children = (
				15C4697B2C5FAC070005836C /* WidgetKit.framework */,
				15C4697D2C5FAC070005836C /* SwiftUI.framework */,
			);
			name = Frameworks;
			sourceTree = "<group>";
		};
		15C4697F2C5FAC070005836C /* calendar-widget */ = {
			isa = PBXGroup;
			children = (
				15C469802C5FAC070005836C /* calendar_widgetBundle.swift */,
				15C469822C5FAC070005836C /* calendar_widget.swift */,
				15C469842C5FAC080005836C /* Assets.xcassets */,
				15C469862C5FAC080005836C /* Info.plist */,
				15C469872C5FAC080005836C /* calendar_widget.entitlements */,
			);
			path = "calendar-widget";
			sourceTree = "<group>";
		};
/* End PBXGroup section */

/* Begin PBXNativeTarget section */
		15C469622C5FABA00005836C /* notion-calendar-widget */ = {
			isa = PBXNativeTarget;
			buildConfigurationList = 15C469722C5FABA10005836C /* Build configuration list for PBXNativeTarget "notion-calendar-widget" */;
			buildPhases = (
				15C4695F2C5FABA00005836C /* Sources */,
				15C469602C5FABA00005836C /* Frameworks */,
				15C469612C5FABA00005836C /* Resources */,
				15C4698E2C5FAC080005836C /* Embed Foundation Extensions */,
			);
			buildRules = (
			);
			dependencies = (
				15C469892C5FAC080005836C /* PBXTargetDependency */,
			);
			name = "notion-calendar-widget";
			productName = "notion-calendar-widget";
			productReference = 15C469632C5FABA00005836C /* notion-calendar-widget.app */;
			productType = "com.apple.product-type.application";
		};
		15C469782C5FAC070005836C /* calendar-widgetExtension */ = {
			isa = PBXNativeTarget;
			buildConfigurationList = 15C4698B2C5FAC080005836C /* Build configuration list for PBXNativeTarget "calendar-widgetExtension" */;
			buildPhases = (
				15C469752C5FAC070005836C /* Sources */,
				15C469762C5FAC070005836C /* Frameworks */,
				15C469772C5FAC070005836C /* Resources */,
			);
			buildRules = (
			);
			dependencies = (
			);
			name = "calendar-widgetExtension";
			productName = "calendar-widgetExtension";
			productReference = 15C469792C5FAC070005836C /* calendar-widgetExtension.appex */;
			productType = "com.apple.product-type.app-extension";
		};
/* End PBXNativeTarget section */

/* Begin PBXProject section */
		15C4695B2C5FABA00005836C /* Project object */ = {
			isa = PBXProject;
			attributes = {
				BuildIndependentTargetsInParallel = 1;
				LastSwiftUpdateCheck = 1540;
				LastUpgradeCheck = 1540;
				TargetAttributes = {
					15C469622C5FABA00005836C = {
						CreatedOnToolsVersion = 15.4;
					};
					15C469782C5FAC070005836C = {
						CreatedOnToolsVersion = 15.4;
					};
				};
			};
			buildConfigurationList = 15C4695E2C5FABA00005836C /* Build configuration list for PBXProject "notion-calendar-widget" */;
			compatibilityVersion = "Xcode 14.0";
			developmentRegion = en;
			hasScannedForEncodings = 0;
			knownRegions = (
				en,
				Base,
			);
			mainGroup = 15C4695A2C5FABA00005836C;
			productRefGroup = 15C469642C5FABA00005836C /* Products */;
			projectDirPath = "";
			projectRoot = "";
			targets = (
				15C469622C5FABA00005836C /* notion-calendar-widget */,
				15C469782C5FAC070005836C /* calendar-widgetExtension */,
			);
		};
/* End PBXProject section */

/* Begin PBXResourcesBuildPhase section */
		15C469612C5FABA00005836C /* Resources */ = {
			isa = PBXResourcesBuildPhase;
			buildActionMask = 2147483647;
			files = (
				15C4696E2C5FABA10005836C /* Preview Assets.xcassets in Resources */,
				15C4696B2C5FABA10005836C /* Assets.xcassets in Resources */,
			);
			runOnlyForDeploymentPostprocessing = 0;
		};
		15C469772C5FAC070005836C /* Resources */ = {
			isa = PBXResourcesBuildPhase;
			buildActionMask = 2147483647;
			files = (
				15C469852C5FAC080005836C /* Assets.xcassets in Resources */,
			);
			runOnlyForDeploymentPostprocessing = 0;
		};
/* End PBXResourcesBuildPhase section */

/* Begin PBXSourcesBuildPhase section */
		15C4695F2C5FABA00005836C /* Sources */ = {
			isa = PBXSourcesBuildPhase;
			buildActionMask = 2147483647;
			files = (
				15C469692C5FABA00005836C /* ContentView.swift in Sources */,
				15C469672C5FABA00005836C /* notion_calendar_widgetApp.swift in Sources */,
			);
			runOnlyForDeploymentPostprocessing = 0;
		};
		15C469752C5FAC070005836C /* Sources */ = {
			isa = PBXSourcesBuildPhase;
			buildActionMask = 2147483647;
			files = (
				15C469812C5FAC070005836C /* calendar_widgetBundle.swift in Sources */,
				15C469832C5FAC070005836C /* calendar_widget.swift in Sources */,
			);
			runOnlyForDeploymentPostprocessing = 0;
		};
/* End PBXSourcesBuildPhase section */

/* Begin PBXTargetDependency section */
		15C469892C5FAC080005836C /* PBXTargetDependency */ = {
			isa = PBXTargetDependency;
			target = 15C469782C5FAC070005836C /* calendar-widgetExtension */;
			targetProxy = 15C469882C5FAC080005836C /* PBXContainerItemProxy */;
		};
/* End PBXTargetDependency section */

/* Begin XCBuildConfiguration section */
		15C469702C5FABA10005836C /* Debug */ = {
			isa = XCBuildConfiguration;
			buildSettings = {
				ALWAYS_SEARCH_USER_PATHS = NO;
				ASSETCATALOG_COMPILER_GENERATE_SWIFT_ASSET_SYMBOL_EXTENSIONS = YES;
				CLANG_ANALYZER_NONNULL = YES;
				CLANG_ANALYZER_NUMBER_OBJECT_CONVERSION = YES_AGGRESSIVE;
				CLANG_CXX_LANGUAGE_STANDARD = "gnu++20";
				CLANG_ENABLE_MODULES = YES;
				CLANG_ENABLE_OBJC_ARC = YES;
				CLANG_ENABLE_OBJC_WEAK = YES;
				CLANG_WARN_BLOCK_CAPTURE_AUTORELEASING = YES;
				CLANG_WARN_BOOL_CONVERSION = YES;
				CLANG_WARN_COMMA = YES;
				CLANG_WARN_CONSTANT_CONVERSION = YES;
				CLANG_WARN_DEPRECATED_OBJC_IMPLEMENTATIONS = YES;
				CLANG_WARN_DIRECT_OBJC_ISA_USAGE = YES_ERROR;
				CLANG_WARN_DOCUMENTATION_COMMENTS = YES;
				CLANG_WARN_EMPTY_BODY = YES;
				CLANG_WARN_ENUM_CONVERSION = YES;
				CLANG_WARN_INFINITE_RECURSION = YES;
				CLANG_WARN_INT_CONVERSION = YES;
				CLANG_WARN_NON_LITERAL_NULL_CONVERSION = YES;
				CLANG_WARN_OBJC_IMPLICIT_RETAIN_SELF = YES;
				CLANG_WARN_OBJC_LITERAL_CONVERSION = YES;
				CLANG_WARN_OBJC_ROOT_CLASS = YES_ERROR;
				CLANG_WARN_QUOTED_INCLUDE_IN_FRAMEWORK_HEADER = YES;
				CLANG_WARN_RANGE_LOOP_ANALYSIS = YES;
				CLANG_WARN_STRICT_PROTOTYPES = YES;
				CLANG_WARN_SUSPICIOUS_MOVE = YES;
				CLANG_WARN_UNGUARDED_AVAILABILITY = YES_AGGRESSIVE;
				CLANG_WARN_UNREACHABLE_CODE = YES;
				CLANG_WARN__DUPLICATE_METHOD_MATCH = YES;
				COPY_PHASE_STRIP = NO;
				DEBUG_INFORMATION_FORMAT = dwarf;
				ENABLE_STRICT_OBJC_MSGSEND = YES;
				ENABLE_TESTABILITY = YES;
				ENABLE_USER_SCRIPT_SANDBOXING = YES;
				GCC_C_LANGUAGE_STANDARD = gnu17;
				GCC_DYNAMIC_NO_PIC = NO;
				GCC_NO_COMMON_BLOCKS = YES;
				GCC_OPTIMIZATION_LEVEL = 0;
				GCC_PREPROCESSOR_DEFINITIONS = (
					"DEBUG=1",
					"$(inherited)",
				);
				GCC_WARN_64_TO_32_BIT_CONVERSION = YES;
				GCC_WARN_ABOUT_RETURN_TYPE = YES_ERROR;
				GCC_WARN_UNDECLARED_SELECTOR = YES;
				GCC_WARN_UNINITIALIZED_AUTOS = YES_AGGRESSIVE;
				GCC_WARN_UNUSED_FUNCTION = YES;
				GCC_WARN_UNUSED_VARIABLE = YES;
				LOCALIZATION_PREFERS_STRING_CATALOGS = YES;
				MACOSX_DEPLOYMENT_TARGET = 14.5;
				MTL_ENABLE_DEBUG_INFO = INCLUDE_SOURCE;
				MTL_FAST_MATH = YES;
				ONLY_ACTIVE_ARCH = YES;
				SDKROOT = macosx;
				SWIFT_ACTIVE_COMPILATION_CONDITIONS = "DEBUG $(inherited)";
				SWIFT_OPTIMIZATION_LEVEL = "-Onone";
			};
			name = Debug;
		};
		15C469712C5FABA10005836C /* Release */ = {
			isa = XCBuildConfiguration;
			buildSettings = {
				ALWAYS_SEARCH_USER_PATHS = NO;
				ASSETCATALOG_COMPILER_GENERATE_SWIFT_ASSET_SYMBOL_EXTENSIONS = YES;
				CLANG_ANALYZER_NONNULL = YES;
				CLANG_ANALYZER_NUMBER_OBJECT_CONVERSION = YES_AGGRESSIVE;
				CLANG_CXX_LANGUAGE_STANDARD = "gnu++20";
				CLANG_ENABLE_MODULES = YES;
				CLANG_ENABLE_OBJC_ARC = YES;
				CLANG_ENABLE_OBJC_WEAK = YES;
				CLANG_WARN_BLOCK_CAPTURE_AUTORELEASING = YES;
				CLANG_WARN_BOOL_CONVERSION = YES;
				CLANG_WARN_COMMA = YES;
				CLANG_WARN_CONSTANT_CONVERSION = YES;
				CLANG_WARN_DEPRECATED_OBJC_IMPLEMENTATIONS = YES;
				CLANG_WARN_DIRECT_OBJC_ISA_USAGE = YES_ERROR;
				CLANG_WARN_DOCUMENTATION_COMMENTS = YES;
				CLANG_WARN_EMPTY_BODY = YES;
				CLANG_WARN_ENUM_CONVERSION = YES;
				CLANG_WARN_INFINITE_RECURSION = YES;
				CLANG_WARN_INT_CONVERSION = YES;
				CLANG_WARN_NON_LITERAL_NULL_CONVERSION = YES;
				CLANG_WARN_OBJC_IMPLICIT_RETAIN_SELF = YES;
				CLANG_WARN_OBJC_LITERAL_CONVERSION = YES;
				CLANG_WARN_OBJC_ROOT_CLASS = YES_ERROR;
				CLANG_WARN_QUOTED_INCLUDE_IN_FRAMEWORK_HEADER = YES;
				CLANG_WARN_RANGE_LOOP_ANALYSIS = YES;
				CLANG_WARN_STRICT_PROTOTYPES = YES;
				CLANG_WARN_SUSPICIOUS_MOVE = YES;
				CLANG_WARN_UNGUARDED_AVAILABILITY = YES_AGGRESSIVE;
				CLANG_WARN_UNREACHABLE_CODE = YES;
				CLANG_WARN__DUPLICATE_METHOD_MATCH = YES;
				COPY_PHASE_STRIP = NO;
				DEBUG_INFORMATION_FORMAT = "dwarf-with-dsym";
				ENABLE_NS_ASSERTIONS = NO;
				ENABLE_STRICT_OBJC_MSGSEND = YES;
				ENABLE_USER_SCRIPT_SANDBOXING = YES;
				GCC_C_LANGUAGE_STANDARD = gnu17;
				GCC_NO_COMMON_BLOCKS = YES;
				GCC_WARN_64_TO_32_BIT_CONVERSION = YES;
				GCC_WARN_ABOUT_RETURN_TYPE = YES_ERROR;
				GCC_WARN_UNDECLARED_SELECTOR = YES;
				GCC_WARN_UNINITIALIZED_AUTOS = YES_AGGRESSIVE;
				GCC_WARN_UNUSED_FUNCTION = YES;
				GCC_WARN_UNUSED_VARIABLE = YES;
				LOCALIZATION_PREFERS_STRING_CATALOGS = YES;
				MACOSX_DEPLOYMENT_TARGET = 14.5;
				MTL_ENABLE_DEBUG_INFO = NO;
				MTL_FAST_MATH = YES;
				SDKROOT = macosx;
				SWIFT_COMPILATION_MODE = wholemodule;
			};
			name = Release;
		};
		15C469732C5FABA10005836C /* Debug */ = {
			isa = XCBuildConfiguration;
			buildSettings = {
				ALWAYS_EMBED_SWIFT_STANDARD_LIBRARIES = YES;
				ASSETCATALOG_COMPILER_APPICON_NAME = AppIcon;
				ASSETCATALOG_COMPILER_GLOBAL_ACCENT_COLOR_NAME = AccentColor;
				CODE_SIGN_ENTITLEMENTS = "notion-calendar-widget/notion_calendar_widget.entitlements";
				CODE_SIGN_STYLE = Automatic;
				COMBINE_HIDPI_IMAGES = YES;
				CURRENT_PROJECT_VERSION = 1;
				DEVELOPMENT_ASSET_PATHS = "\"notion-calendar-widget/Preview Content\"";
				DEVELOPMENT_TEAM = D4YS97TJMS;
				ENABLE_HARDENED_RUNTIME = YES;
				ENABLE_PREVIEWS = YES;
				GENERATE_INFOPLIST_FILE = YES;
				INFOPLIST_KEY_NSHumanReadableCopyright = "";
				LD_RUNPATH_SEARCH_PATHS = (
					"$(inherited)",
					"@executable_path/../Frameworks",
				);
				MARKETING_VERSION = 1.0;
				PRODUCT_BUNDLE_IDENTIFIER = "caber.notion-calendar-widget";
				PRODUCT_NAME = "$(TARGET_NAME)";
				SWIFT_EMIT_LOC_STRINGS = YES;
				SWIFT_VERSION = 5.0;
			};
			name = Debug;
		};
		15C469742C5FABA10005836C /* Release */ = {
			isa = XCBuildConfiguration;
			buildSettings = {
				ALWAYS_EMBED_SWIFT_STANDARD_LIBRARIES = YES;
				ASSETCATALOG_COMPILER_APPICON_NAME = AppIcon;
				ASSETCATALOG_COMPILER_GLOBAL_ACCENT_COLOR_NAME = AccentColor;
				CODE_SIGN_ENTITLEMENTS = "notion-calendar-widget/notion_calendar_widget.entitlements";
				CODE_SIGN_STYLE = Automatic;
				COMBINE_HIDPI_IMAGES = YES;
				CURRENT_PROJECT_VERSION = 1;
				DEVELOPMENT_ASSET_PATHS = "\"notion-calendar-widget/Preview Content\"";
				DEVELOPMENT_TEAM = D4YS97TJMS;
				ENABLE_HARDENED_RUNTIME = YES;
				ENABLE_PREVIEWS = YES;
				GENERATE_INFOPLIST_FILE = YES;
				INFOPLIST_KEY_NSHumanReadableCopyright = "";
				LD_RUNPATH_SEARCH_PATHS = (
					"$(inherited)",
					"@executable_path/../Frameworks",
				);
				MARKETING_VERSION = 1.0;
				PRODUCT_BUNDLE_IDENTIFIER = "caber.notion-calendar-widget";
				PRODUCT_NAME = "$(TARGET_NAME)";
				SWIFT_EMIT_LOC_STRINGS = YES;
				SWIFT_VERSION = 5.0;
			};
			name = Release;
		};
		15C4698C2C5FAC080005836C /* Debug */ = {
			isa = XCBuildConfiguration;
			buildSettings = {
				ASSETCATALOG_COMPILER_GLOBAL_ACCENT_COLOR_NAME = AccentColor;
				ASSETCATALOG_COMPILER_WIDGET_BACKGROUND_COLOR_NAME = WidgetBackground;
				CODE_SIGN_ENTITLEMENTS = "calendar-widget/calendar_widget.entitlements";
				CODE_SIGN_STYLE = Automatic;
				CURRENT_PROJECT_VERSION = 1;
				DEVELOPMENT_TEAM = D4YS97TJMS;
				ENABLE_HARDENED_RUNTIME = YES;
				GENERATE_INFOPLIST_FILE = YES;
				INFOPLIST_FILE = "calendar-widget/Info.plist";
				INFOPLIST_KEY_CFBundleDisplayName = "calendar-widget";
				INFOPLIST_KEY_NSHumanReadableCopyright = "";
				LD_RUNPATH_SEARCH_PATHS = (
					"$(inherited)",
					"@executable_path/../Frameworks",
					"@executable_path/../../../../Frameworks",
				);
				MARKETING_VERSION = 1.0;
				PRODUCT_BUNDLE_IDENTIFIER = "caber.notion-calendar-widget.calendar-widget";
				PRODUCT_NAME = "$(TARGET_NAME)";
				SKIP_INSTALL = YES;
				SWIFT_EMIT_LOC_STRINGS = YES;
				SWIFT_VERSION = 5.0;
			};
			name = Debug;
		};
		15C4698D2C5FAC080005836C /* Release */ = {
			isa = XCBuildConfiguration;
			buildSettings = {
				ASSETCATALOG_COMPILER_GLOBAL_ACCENT_COLOR_NAME = AccentColor;
				ASSETCATALOG_COMPILER_WIDGET_BACKGROUND_COLOR_NAME = WidgetBackground;
				CODE_SIGN_ENTITLEMENTS = "calendar-widget/calendar_widget.entitlements";
				CODE_SIGN_STYLE = Automatic;
				CURRENT_PROJECT_VERSION = 1;
				DEVELOPMENT_TEAM = D4YS97TJMS;
				ENABLE_HARDENED_RUNTIME = YES;
				GENERATE_INFOPLIST_FILE = YES;
				INFOPLIST_FILE = "calendar-widget/Info.plist";
				INFOPLIST_KEY_CFBundleDisplayName = "calendar-widget";
				INFOPLIST_KEY_NSHumanReadableCopyright = "";
				LD_RUNPATH_SEARCH_PATHS = (
					"$(inherited)",
					"@executable_path/../Frameworks",
					"@executable_path/../../../../Frameworks",
				);
				MARKETING_VERSION = 1.0;
				PRODUCT_BUNDLE_IDENTIFIER = "caber.notion-calendar-widget.calendar-widget";
				PRODUCT_NAME = "$(TARGET_NAME)";
				SKIP_INSTALL = YES;
				SWIFT_EMIT_LOC_STRINGS = YES;
				SWIFT_VERSION = 5.0;
			};
			name = Release;
		};
/* End XCBuildConfiguration section */

/* Begin XCConfigurationList section */
		15C4695E2C5FABA00005836C /* Build configuration list for PBXProject "notion-calendar-widget" */ = {
			isa = XCConfigurationList;
			buildConfigurations = (
				15C469702C5FABA10005836C /* Debug */,
				15C469712C5FABA10005836C /* Release */,
			);
			defaultConfigurationIsVisible = 0;
			defaultConfigurationName = Release;
		};
		15C469722C5FABA10005836C /* Build configuration list for PBXNativeTarget "notion-calendar-widget" */ = {
			isa = XCConfigurationList;
			buildConfigurations = (
				15C469732C5FABA10005836C /* Debug */,
				15C469742C5FABA10005836C /* Release */,
			);
			defaultConfigurationIsVisible = 0;
			defaultConfigurationName = Release;
		};
		15C4698B2C5FAC080005836C /* Build configuration list for PBXNativeTarget "calendar-widgetExtension" */ = {
			isa = XCConfigurationList;
			buildConfigurations = (
				15C4698C2C5FAC080005836C /* Debug */,
				15C4698D2C5FAC080005836C /* Release */,
			);
			defaultConfigurationIsVisible = 0;
			defaultConfigurationName = Release;
		};
/* End XCConfigurationList section */
	};
	rootObject = 15C4695B2C5FABA00005836C /* Project object */;
}
